
Microsoft Visual Studio Solution File, Format Version 12.00
Project("{FAE04EC0-301F-11D3-BF4B-00C04F79EFBC}") = "Miori.DiscordBot", "Miori.DiscordBot\Miori.DiscordBot.csproj", "{4BC46E6C-0071-40AD-874E-7DDA299F54A4}"
EndProject
Project("{FAE04EC0-301F-11D3-BF4B-00C04F79EFBC}") = "Miori.Models", "Miori.Models\Miori.Models.csproj", "{74DB5BFB-7BED-4551-B4C4-DB90742DAE34}"
EndProject
Project("{FAE04EC0-301F-11D3-BF4B-00C04F79EFBC}") = "Miori.BackgroundService", "Miori.BackgroundService\Miori.BackgroundService.csproj", "{93FA7359-1598-4968-B322-4B95A2A0D013}"
EndProject
Project("{FAE04EC0-301F-11D3-BF4B-00C04F79EFBC}") = "Miori.Helpers", "Miori.Helpers\Miori.Helpers.csproj", "{A35A76BB-561E-4B80-B4EC-29746A66F9A8}"
EndProject
Project("{FAE04EC0-301F-11D3-BF4B-00C04F79EFBC}") = "Miori.Integrations", "Miori.Integrations\Miori.Integrations.csproj", "{ACA28069-3DB2-4090-B37B-A9112604A001}"
EndProject
Project("{FAE04EC0-301F-11D3-BF4B-00C04F79EFBC}") = "Miori.DataService", "Miori.DataService\Miori.DataService.csproj", "{20D223F8-508E-4E64-B24D-457EF89A06A3}"
EndProject
Project("{FAE04EC0-301F-11D3-BF4B-00C04F79EFBC}") = "Miori.Api", "Miori.Api\Miori.Api.csproj", "{80380DB3-3C92-4CE2-BD00-0A991E3A9039}"
EndProject
Project("{FAE04EC0-301F-11D3-BF4B-00C04F79EFBC}") = "Miori.BusinessService", "Miori.BusinessService\Miori.BusinessService.csproj", "{AF338EC5-CD00-403F-885D-C1FEFF6CD229}"
EndProject
Global
	GlobalSection(SolutionConfigurationPlatforms) = preSolution
		Debug|Any CPU = Debug|Any CPU
		Release|Any CPU = Release|Any CPU
	EndGlobalSection
	GlobalSection(ProjectConfigurationPlatforms) = postSolution
		{4BC46E6C-0071-40AD-874E-7DDA299F54A4}.Debug|Any CPU.ActiveCfg = Debug|Any CPU
		{4BC46E6C-0071-40AD-874E-7DDA299F54A4}.Debug|Any CPU.Build.0 = Debug|Any CPU
		{4BC46E6C-0071-40AD-874E-7DDA299F54A4}.Release|Any CPU.ActiveCfg = Release|Any CPU
		{4BC46E6C-0071-40AD-874E-7DDA299F54A4}.Release|Any CPU.Build.0 = Release|Any CPU
		{74DB5BFB-7BED-4551-B4C4-DB90742DAE34}.Debug|Any CPU.ActiveCfg = Debug|Any CPU
		{74DB5BFB-7BED-4551-B4C4-DB90742DAE34}.Debug|Any CPU.Build.0 = Debug|Any CPU
		{74DB5BFB-7BED-4551-B4C4-DB90742DAE34}.Release|Any CPU.ActiveCfg = Release|Any CPU
		{74DB5BFB-7BED-4551-B4C4-DB90742DAE34}.Release|Any CPU.Build.0 = Release|Any CPU
		{93FA7359-1598-4968-B322-4B95A2A0D013}.Debug|Any CPU.ActiveCfg = Debug|Any CPU
		{93FA7359-1598-4968-B322-4B95A2A0D013}.Debug|Any CPU.Build.0 = Debug|Any CPU
		{93FA7359-1598-4968-B322-4B95A2A0D013}.Release|Any CPU.ActiveCfg = Release|Any CPU
		{93FA7359-1598-4968-B322-4B95A2A0D013}.Release|Any CPU.Build.0 = Release|Any CPU
		{A35A76BB-561E-4B80-B4EC-29746A66F9A8}.Debug|Any CPU.ActiveCfg = Debug|Any CPU
		{A35A76BB-561E-4B80-B4EC-29746A66F9A8}.Debug|Any CPU.Build.0 = Debug|Any CPU
		{A35A76BB-561E-4B80-B4EC-29746A66F9A8}.Release|Any CPU.ActiveCfg = Release|Any CPU
		{A35A76BB-561E-4B80-B4EC-29746A66F9A8}.Release|Any CPU.Build.0 = Release|Any CPU
		{ACA28069-3DB2-4090-B37B-A9112604A001}.Debug|Any CPU.ActiveCfg = Debug|Any CPU
		{ACA28069-3DB2-4090-B37B-A9112604A001}.Debug|Any CPU.Build.0 = Debug|Any CPU
		{ACA28069-3DB2-4090-B37B-A9112604A001}.Release|Any CPU.ActiveCfg = Release|Any CPU
		{ACA28069-3DB2-4090-B37B-A9112604A001}.Release|Any CPU.Build.0 = Release|Any CPU
		{20D223F8-508E-4E64-B24D-457EF89A06A3}.Debug|Any CPU.ActiveCfg = Debug|Any CPU
		{20D223F8-508E-4E64-B24D-457EF89A06A3}.Debug|Any CPU.Build.0 = Debug|Any CPU
		{20D223F8-508E-4E64-B24D-457EF89A06A3}.Release|Any CPU.ActiveCfg = Release|Any CPU
		{20D223F8-508E-4E64-B24D-457EF89A06A3}.Release|Any CPU.Build.0 = Release|Any CPU
		{80380DB3-3C92-4CE2-BD00-0A991E3A9039}.Debug|Any CPU.ActiveCfg = Debug|Any CPU
		{80380DB3-3C92-4CE2-BD00-0A991E3A9039}.Debug|Any CPU.Build.0 = Debug|Any CPU
		{80380DB3-3C92-4CE2-BD00-0A991E3A9039}.Release|Any CPU.ActiveCfg = Release|Any CPU
		{80380DB3-3C92-4CE2-BD00-0A991E3A9039}.Release|Any CPU.Build.0 = Release|Any CPU
		{AF338EC5-CD00-403F-885D-C1FEFF6CD229}.Debug|Any CPU.ActiveCfg = Debug|Any CPU
		{AF338EC5-CD00-403F-885D-C1FEFF6CD229}.Debug|Any CPU.Build.0 = Debug|Any CPU
		{AF338EC5-CD00-403F-885D-C1FEFF6CD229}.Release|Any CPU.ActiveCfg = Release|Any CPU
		{AF338EC5-CD00-403F-885D-C1FEFF6CD229}.Release|Any CPU.Build.0 = Release|Any CPU
	EndGlobalSection
EndGlobal
